PODS:
  - MJRefresh (3.3.1)
  - RZColorfulSwift (0.1.2)
  - SnapKit (4.2.0)
  - Then (2.6.0)

DEPENDENCIES:
  - MJRefresh
  - RZColorfulSwift
  - SnapKit
  - Then

SPEC REPOS:
  https://github.com/CocoaPods/Specs.git:
    - MJRefresh
    - RZColorfulSwift
    - SnapKit
    - Then

SPEC CHECKSUMS:
  MJRefresh: eeda70fbf0ad277f3178cef1cd0c3532591d6237
  RZColorfulSwift: de1efb1f468b6f00f4225cb6242bfa2c5137b347
  SnapKit: fe8a619752f3f27075cc9a90244d75c6c3f27e2a
  Then: 90cd104fd951cec1980a03f57704ad8f784d4d79

PODFILE CHECKSUM: df26aa6bbc854ddf1024601d2e688745b802e8e3

COCOAPODS: 1.9.1
