// !$*UTF8*$!
{
	archiveVersion = 1;
	classes = {
	};
	objectVersion = 51;
	objects = {

/* Begin PBXBuildFile section */
		76221557248F25AF00971356 /* MultipleScrollviewControllerViewController.swift in Sources */ = {isa = PBXBuildFile; fileRef = 76221556248F25AF00971356 /* MultipleScrollviewControllerViewController.swift */; };
		767DE3522469498C00A2BF73 /* RZPageContainerView.swift in Sources */ = {isa = PBXBuildFile; fileRef = 767DE3512469498C00A2BF73 /* RZPageContainerView.swift */; };
		767DE3542469561300A2BF73 /* ChildRefreshIndexViewController.swift in Sources */ = {isa = PBXBuildFile; fileRef = 767DE3532469561300A2BF73 /* ChildRefreshIndexViewController.swift */; };
		7686A7E4246B8DB300B95FA1 /* TopRefreshIndexViewController.swift in Sources */ = {isa = PBXBuildFile; fileRef = 7686A7E3246B8DB300B95FA1 /* TopRefreshIndexViewController.swift */; };
		76E7C32B245AA16A008CE2E5 /* AppDelegate.swift in Sources */ = {isa = PBXBuildFile; fileRef = 76E7C32A245AA16A008CE2E5 /* AppDelegate.swift */; };
		76E7C32D245AA16A008CE2E5 /* SceneDelegate.swift in Sources */ = {isa = PBXBuildFile; fileRef = 76E7C32C245AA16A008CE2E5 /* SceneDelegate.swift */; };
		76E7C32F245AA16A008CE2E5 /* ViewController.swift in Sources */ = {isa = PBXBuildFile; fileRef = 76E7C32E245AA16A008CE2E5 /* ViewController.swift */; };
		76E7C332245AA16A008CE2E5 /* Main.storyboard in Resources */ = {isa = PBXBuildFile; fileRef = 76E7C330245AA16A008CE2E5 /* Main.storyboard */; };
		76E7C334245AA16E008CE2E5 /* Assets.xcassets in Resources */ = {isa = PBXBuildFile; fileRef = 76E7C333245AA16E008CE2E5 /* Assets.xcassets */; };
		76E7C337245AA16E008CE2E5 /* LaunchScreen.storyboard in Resources */ = {isa = PBXBuildFile; fileRef = 76E7C335245AA16E008CE2E5 /* LaunchScreen.storyboard */; };
		76E7C345245AA51B008CE2E5 /* RZSegmentView.swift in Sources */ = {isa = PBXBuildFile; fileRef = 76E7C344245AA51B008CE2E5 /* RZSegmentView.swift */; };
		76E7C34C245AD66B008CE2E5 /* ChildViewController.swift in Sources */ = {isa = PBXBuildFile; fileRef = 76E7C34B245AD66B008CE2E5 /* ChildViewController.swift */; };
		C75D36ABD1BA12B7E196A2AE /* Pods_RZSegment.framework in Frameworks */ = {isa = PBXBuildFile; fileRef = 70C277DFFB35EC8776F46F64 /* Pods_RZSegment.framework */; };
/* End PBXBuildFile section */

/* Begin PBXFileReference section */
		70C277DFFB35EC8776F46F64 /* Pods_RZSegment.framework */ = {isa = PBXFileReference; explicitFileType = wrapper.framework; includeInIndex = 0; path = Pods_RZSegment.framework; sourceTree = BUILT_PRODUCTS_DIR; };
		76221556248F25AF00971356 /* MultipleScrollviewControllerViewController.swift */ = {isa = PBXFileReference; lastKnownFileType = sourcecode.swift; path = MultipleScrollviewControllerViewController.swift; sourceTree = "<group>"; };
		767DE3512469498C00A2BF73 /* RZPageContainerView.swift */ = {isa = PBXFileReference; lastKnownFileType = sourcecode.swift; path = RZPageContainerView.swift; sourceTree = "<group>"; };
		767DE3532469561300A2BF73 /* ChildRefreshIndexViewController.swift */ = {isa = PBXFileReference; lastKnownFileType = sourcecode.swift; path = ChildRefreshIndexViewController.swift; sourceTree = "<group>"; };
		7686A7E3246B8DB300B95FA1 /* TopRefreshIndexViewController.swift */ = {isa = PBXFileReference; lastKnownFileType = sourcecode.swift; path = TopRefreshIndexViewController.swift; sourceTree = "<group>"; };
		76E7C327245AA16A008CE2E5 /* RZSegment.app */ = {isa = PBXFileReference; explicitFileType = wrapper.application; includeInIndex = 0; path = RZSegment.app; sourceTree = BUILT_PRODUCTS_DIR; };
		76E7C32A245AA16A008CE2E5 /* AppDelegate.swift */ = {isa = PBXFileReference; lastKnownFileType = sourcecode.swift; path = AppDelegate.swift; sourceTree = "<group>"; };
		76E7C32C245AA16A008CE2E5 /* SceneDelegate.swift */ = {isa = PBXFileReference; lastKnownFileType = sourcecode.swift; path = SceneDelegate.swift; sourceTree = "<group>"; };
		76E7C32E245AA16A008CE2E5 /* ViewController.swift */ = {isa = PBXFileReference; lastKnownFileType = sourcecode.swift; path = ViewController.swift; sourceTree = "<group>"; };
		76E7C331245AA16A008CE2E5 /* Base */ = {isa = PBXFileReference; lastKnownFileType = file.storyboard; name = Base; path = Base.lproj/Main.storyboard; sourceTree = "<group>"; };
		76E7C333245AA16E008CE2E5 /* Assets.xcassets */ = {isa = PBXFileReference; lastKnownFileType = folder.assetcatalog; path = Assets.xcassets; sourceTree = "<group>"; };
		76E7C336245AA16E008CE2E5 /* Base */ = {isa = PBXFileReference; lastKnownFileType = file.storyboard; name = Base; path = Base.lproj/LaunchScreen.storyboard; sourceTree = "<group>"; };
		76E7C338245AA16E008CE2E5 /* Info.plist */ = {isa = PBXFileReference; lastKnownFileType = text.plist.xml; path = Info.plist; sourceTree = "<group>"; };
		76E7C340245AA4E1008CE2E5 /* RZSegment-Bridging-Header.h */ = {isa = PBXFileReference; lastKnownFileType = sourcecode.c.h; path = "RZSegment-Bridging-Header.h"; sourceTree = "<group>"; };
		76E7C344245AA51B008CE2E5 /* RZSegmentView.swift */ = {isa = PBXFileReference; lastKnownFileType = sourcecode.swift; path = RZSegmentView.swift; sourceTree = "<group>"; };
		76E7C34B245AD66B008CE2E5 /* ChildViewController.swift */ = {isa = PBXFileReference; lastKnownFileType = sourcecode.swift; path = ChildViewController.swift; sourceTree = "<group>"; };
		9248959C07ED48339B5B1349 /* Pods-RZSegment.debug.xcconfig */ = {isa = PBXFileReference; includeInIndex = 1; lastKnownFileType = text.xcconfig; name = "Pods-RZSegment.debug.xcconfig"; path = "Target Support Files/Pods-RZSegment/Pods-RZSegment.debug.xcconfig"; sourceTree = "<group>"; };
		FBB4C5294BC1F9323DE36E27 /* Pods-RZSegment.release.xcconfig */ = {isa = PBXFileReference; includeInIndex = 1; lastKnownFileType = text.xcconfig; name = "Pods-RZSegment.release.xcconfig"; path = "Target Support Files/Pods-RZSegment/Pods-RZSegment.release.xcconfig"; sourceTree = "<group>"; };
/* End PBXFileReference section */

/* Begin PBXFrameworksBuildPhase section */
		76E7C324245AA16A008CE2E5 /* Frameworks */ = {
			isa = PBXFrameworksBuildPhase;
			buildActionMask = 2147483647;
			files = (
				C75D36ABD1BA12B7E196A2AE /* Pods_RZSegment.framework in Frameworks */,
			);
			runOnlyForDeploymentPostprocessing = 0;
		};
/* End PBXFrameworksBuildPhase section */

/* Begin PBXGroup section */
		76221555248F256B00971356 /* scrollAndScroll */ = {
			isa = PBXGroup;
			children = (
				76221556248F25AF00971356 /* MultipleScrollviewControllerViewController.swift */,
			);
			path = scrollAndScroll;
			sourceTree = "<group>";
		};
		76221558248F760100971356 /* TopRefresh */ = {
			isa = PBXGroup;
			children = (
				7686A7E3246B8DB300B95FA1 /* TopRefreshIndexViewController.swift */,
			);
			path = TopRefresh;
			sourceTree = "<group>";
		};
		76221559248F760900971356 /* ChildRefresh */ = {
			isa = PBXGroup;
			children = (
				767DE3532469561300A2BF73 /* ChildRefreshIndexViewController.swift */,
			);
			path = ChildRefresh;
			sourceTree = "<group>";
		};
		76E7C31E245AA16A008CE2E5 = {
			isa = PBXGroup;
			children = (
				76E7C329245AA16A008CE2E5 /* RZSegment */,
				76E7C328245AA16A008CE2E5 /* Products */,
				B667CB836BD264D252F1EB5C /* Pods */,
				C58C0631B1815FEF57184D76 /* Frameworks */,
			);
			sourceTree = "<group>";
		};
		76E7C328245AA16A008CE2E5 /* Products */ = {
			isa = PBXGroup;
			children = (
				76E7C327245AA16A008CE2E5 /* RZSegment.app */,
			);
			name = Products;
			sourceTree = "<group>";
		};
		76E7C329245AA16A008CE2E5 /* RZSegment */ = {
			isa = PBXGroup;
			children = (
				76E7C348245AD643008CE2E5 /* Demo */,
				76E7C33E245AA3C8008CE2E5 /* Core */,
				76E7C32A245AA16A008CE2E5 /* AppDelegate.swift */,
				76E7C32C245AA16A008CE2E5 /* SceneDelegate.swift */,
				76E7C32E245AA16A008CE2E5 /* ViewController.swift */,
				76E7C330245AA16A008CE2E5 /* Main.storyboard */,
				76E7C333245AA16E008CE2E5 /* Assets.xcassets */,
				76E7C335245AA16E008CE2E5 /* LaunchScreen.storyboard */,
				76E7C338245AA16E008CE2E5 /* Info.plist */,
				76E7C340245AA4E1008CE2E5 /* RZSegment-Bridging-Header.h */,
			);
			path = RZSegment;
			sourceTree = "<group>";
		};
		76E7C33E245AA3C8008CE2E5 /* Core */ = {
			isa = PBXGroup;
			children = (
				76E7C344245AA51B008CE2E5 /* RZSegmentView.swift */,
				767DE3512469498C00A2BF73 /* RZPageContainerView.swift */,
			);
			path = Core;
			sourceTree = "<group>";
		};
		76E7C348245AD643008CE2E5 /* Demo */ = {
			isa = PBXGroup;
			children = (
				76E7C34B245AD66B008CE2E5 /* ChildViewController.swift */,
				76221559248F760900971356 /* ChildRefresh */,
				76221558248F760100971356 /* TopRefresh */,
				76221555248F256B00971356 /* scrollAndScroll */,
			);
			path = Demo;
			sourceTree = "<group>";
		};
		B667CB836BD264D252F1EB5C /* Pods */ = {
			isa = PBXGroup;
			children = (
				9248959C07ED48339B5B1349 /* Pods-RZSegment.debug.xcconfig */,
				FBB4C5294BC1F9323DE36E27 /* Pods-RZSegment.release.xcconfig */,
			);
			path = Pods;
			sourceTree = "<group>";
		};
		C58C0631B1815FEF57184D76 /* Frameworks */ = {
			isa = PBXGroup;
			children = (
				70C277DFFB35EC8776F46F64 /* Pods_RZSegment.framework */,
			);
			name = Frameworks;
			sourceTree = "<group>";
		};
/* End PBXGroup section */

/* Begin PBXNativeTarget section */
		76E7C326245AA16A008CE2E5 /* RZSegment */ = {
			isa = PBXNativeTarget;
			buildConfigurationList = 76E7C33B245AA16E008CE2E5 /* Build configuration list for PBXNativeTarget "RZSegment" */;
			buildPhases = (
				248BB2EF8D372F4FFB274F91 /* [CP] Check Pods Manifest.lock */,
				76E7C323245AA16A008CE2E5 /* Sources */,
				76E7C324245AA16A008CE2E5 /* Frameworks */,
				76E7C325245AA16A008CE2E5 /* Resources */,
				A0F8D14E12F4B5E4771201AA /* [CP] Embed Pods Frameworks */,
			);
			buildRules = (
			);
			dependencies = (
			);
			name = RZSegment;
			productName = RZSegment;
			productReference = 76E7C327245AA16A008CE2E5 /* RZSegment.app */;
			productType = "com.apple.product-type.application";
		};
/* End PBXNativeTarget section */

/* Begin PBXProject section */
		76E7C31F245AA16A008CE2E5 /* Project object */ = {
			isa = PBXProject;
			attributes = {
				LastSwiftUpdateCheck = 1140;
				LastUpgradeCheck = 1140;
				ORGANIZATIONNAME = rztime;
				TargetAttributes = {
					76E7C326245AA16A008CE2E5 = {
						CreatedOnToolsVersion = 11.4;
						LastSwiftMigration = 1140;
					};
				};
			};
			buildConfigurationList = 76E7C322245AA16A008CE2E5 /* Build configuration list for PBXProject "RZSegment" */;
			compatibilityVersion = "Xcode 9.3";
			developmentRegion = en;
			hasScannedForEncodings = 0;
			knownRegions = (
				en,
				Base,
			);
			mainGroup = 76E7C31E245AA16A008CE2E5;
			productRefGroup = 76E7C328245AA16A008CE2E5 /* Products */;
			projectDirPath = "";
			projectRoot = "";
			targets = (
				76E7C326245AA16A008CE2E5 /* RZSegment */,
			);
		};
/* End PBXProject section */

/* Begin PBXResourcesBuildPhase section */
		76E7C325245AA16A008CE2E5 /* Resources */ = {
			isa = PBXResourcesBuildPhase;
			buildActionMask = 2147483647;
			files = (
				76E7C337245AA16E008CE2E5 /* LaunchScreen.storyboard in Resources */,
				76E7C334245AA16E008CE2E5 /* Assets.xcassets in Resources */,
				76E7C332245AA16A008CE2E5 /* Main.storyboard in Resources */,
			);
			runOnlyForDeploymentPostprocessing = 0;
		};
/* End PBXResourcesBuildPhase section */

/* Begin PBXShellScriptBuildPhase section */
		248BB2EF8D372F4FFB274F91 /* [CP] Check Pods Manifest.lock */ = {
			isa = PBXShellScriptBuildPhase;
			buildActionMask = 2147483647;
			files = (
			);
			inputFileListPaths = (
			);
			inputPaths = (
				"${PODS_PODFILE_DIR_PATH}/Podfile.lock",
				"${PODS_ROOT}/Manifest.lock",
			);
			name = "[CP] Check Pods Manifest.lock";
			outputFileListPaths = (
			);
			outputPaths = (
				"$(DERIVED_FILE_DIR)/Pods-RZSegment-checkManifestLockResult.txt",
			);
			runOnlyForDeploymentPostprocessing = 0;
			shellPath = /bin/sh;
			shellScript = "diff \"${PODS_PODFILE_DIR_PATH}/Podfile.lock\" \"${PODS_ROOT}/Manifest.lock\" > /dev/null\nif [ $? != 0 ] ; then\n    # print error to STDERR\n    echo \"error: The sandbox is not in sync with the Podfile.lock. Run 'pod install' or update your CocoaPods installation.\" >&2\n    exit 1\nfi\n# This output is used by Xcode 'outputs' to avoid re-running this script phase.\necho \"SUCCESS\" > \"${SCRIPT_OUTPUT_FILE_0}\"\n";
			showEnvVarsInLog = 0;
		};
		A0F8D14E12F4B5E4771201AA /* [CP] Embed Pods Frameworks */ = {
			isa = PBXShellScriptBuildPhase;
			buildActionMask = 2147483647;
			files = (
			);
			inputFileListPaths = (
				"${PODS_ROOT}/Target Support Files/Pods-RZSegment/Pods-RZSegment-frameworks-${CONFIGURATION}-input-files.xcfilelist",
			);
			name = "[CP] Embed Pods Frameworks";
			outputFileListPaths = (
				"${PODS_ROOT}/Target Support Files/Pods-RZSegment/Pods-RZSegment-frameworks-${CONFIGURATION}-output-files.xcfilelist",
			);
			runOnlyForDeploymentPostprocessing = 0;
			shellPath = /bin/sh;
			shellScript = "\"${PODS_ROOT}/Target Support Files/Pods-RZSegment/Pods-RZSegment-frameworks.sh\"\n";
			showEnvVarsInLog = 0;
		};
/* End PBXShellScriptBuildPhase section */

/* Begin PBXSourcesBuildPhase section */
		76E7C323245AA16A008CE2E5 /* Sources */ = {
			isa = PBXSourcesBuildPhase;
			buildActionMask = 2147483647;
			files = (
				76E7C34C245AD66B008CE2E5 /* ChildViewController.swift in Sources */,
				76E7C345245AA51B008CE2E5 /* RZSegmentView.swift in Sources */,
				76E7C32F245AA16A008CE2E5 /* ViewController.swift in Sources */,
				76221557248F25AF00971356 /* MultipleScrollviewControllerViewController.swift in Sources */,
				76E7C32B245AA16A008CE2E5 /* AppDelegate.swift in Sources */,
				76E7C32D245AA16A008CE2E5 /* SceneDelegate.swift in Sources */,
				767DE3542469561300A2BF73 /* ChildRefreshIndexViewController.swift in Sources */,
				767DE3522469498C00A2BF73 /* RZPageContainerView.swift in Sources */,
				7686A7E4246B8DB300B95FA1 /* TopRefreshIndexViewController.swift in Sources */,
			);
			runOnlyForDeploymentPostprocessing = 0;
		};
/* End PBXSourcesBuildPhase section */

/* Begin PBXVariantGroup section */
		76E7C330245AA16A008CE2E5 /* Main.storyboard */ = {
			isa = PBXVariantGroup;
			children = (
				76E7C331245AA16A008CE2E5 /* Base */,
			);
			name = Main.storyboard;
			sourceTree = "<group>";
		};
		76E7C335245AA16E008CE2E5 /* LaunchScreen.storyboard */ = {
			isa = PBXVariantGroup;
			children = (
				76E7C336245AA16E008CE2E5 /* Base */,
			);
			name = LaunchScreen.storyboard;
			sourceTree = "<group>";
		};
/* End PBXVariantGroup section */

/* Begin XCBuildConfiguration section */
		76E7C339245AA16E008CE2E5 /* Debug */ = {
			isa = XCBuildConfiguration;
			buildSettings = {
				ALWAYS_SEARCH_USER_PATHS = NO;
				CLANG_ANALYZER_NONNULL = YES;
				CLANG_ANALYZER_NUMBER_OBJECT_CONVERSION = YES_AGGRESSIVE;
				CLANG_CXX_LANGUAGE_STANDARD = "gnu++14";
				CLANG_CXX_LIBRARY = "libc++";
				CLANG_ENABLE_MODULES = YES;
				CLANG_ENABLE_OBJC_ARC = YES;
				CLANG_ENABLE_OBJC_WEAK = YES;
				CLANG_WARN_BLOCK_CAPTURE_AUTORELEASING = YES;
				CLANG_WARN_BOOL_CONVERSION = YES;
				CLANG_WARN_COMMA = YES;
				CLANG_WARN_CONSTANT_CONVERSION = YES;
				CLANG_WARN_DEPRECATED_OBJC_IMPLEMENTATIONS = YES;
				CLANG_WARN_DIRECT_OBJC_ISA_USAGE = YES_ERROR;
				CLANG_WARN_DOCUMENTATION_COMMENTS = YES;
				CLANG_WARN_EMPTY_BODY = YES;
				CLANG_WARN_ENUM_CONVERSION = YES;
				CLANG_WARN_INFINITE_RECURSION = YES;
				CLANG_WARN_INT_CONVERSION = YES;
				CLANG_WARN_NON_LITERAL_NULL_CONVERSION = YES;
				CLANG_WARN_OBJC_IMPLICIT_RETAIN_SELF = YES;
				CLANG_WARN_OBJC_LITERAL_CONVERSION = YES;
				CLANG_WARN_OBJC_ROOT_CLASS = YES_ERROR;
				CLANG_WARN_RANGE_LOOP_ANALYSIS = YES;
				CLANG_WARN_STRICT_PROTOTYPES = YES;
				CLANG_WARN_SUSPICIOUS_MOVE = YES;
				CLANG_WARN_UNGUARDED_AVAILABILITY = YES_AGGRESSIVE;
				CLANG_WARN_UNREACHABLE_CODE = YES;
				CLANG_WARN__DUPLICATE_METHOD_MATCH = YES;
				COPY_PHASE_STRIP = NO;
				DEBUG_INFORMATION_FORMAT = dwarf;
				ENABLE_STRICT_OBJC_MSGSEND = YES;
				ENABLE_TESTABILITY = YES;
				GCC_C_LANGUAGE_STANDARD = gnu11;
				GCC_DYNAMIC_NO_PIC = NO;
				GCC_NO_COMMON_BLOCKS = YES;
				GCC_OPTIMIZATION_LEVEL = 0;
				GCC_PREPROCESSOR_DEFINITIONS = (
					"DEBUG=1",
					"$(inherited)",
				);
				GCC_WARN_64_TO_32_BIT_CONVERSION = YES;
				GCC_WARN_ABOUT_RETURN_TYPE = YES_ERROR;
				GCC_WARN_UNDECLARED_SELECTOR = YES;
				GCC_WARN_UNINITIALIZED_AUTOS = YES_AGGRESSIVE;
				GCC_WARN_UNUSED_FUNCTION = YES;
				GCC_WARN_UNUSED_VARIABLE = YES;
				IPHONEOS_DEPLOYMENT_TARGET = 13.4;
				MTL_ENABLE_DEBUG_INFO = INCLUDE_SOURCE;
				MTL_FAST_MATH = YES;
				ONLY_ACTIVE_ARCH = YES;
				SDKROOT = iphoneos;
				SWIFT_ACTIVE_COMPILATION_CONDITIONS = DEBUG;
				SWIFT_OPTIMIZATION_LEVEL = "-Onone";
			};
			name = Debug;
		};
		76E7C33A245AA16E008CE2E5 /* Release */ = {
			isa = XCBuildConfiguration;
			buildSettings = {
				ALWAYS_SEARCH_USER_PATHS = NO;
				CLANG_ANALYZER_NONNULL = YES;
				CLANG_ANALYZER_NUMBER_OBJECT_CONVERSION = YES_AGGRESSIVE;
				CLANG_CXX_LANGUAGE_STANDARD = "gnu++14";
				CLANG_CXX_LIBRARY = "libc++";
				CLANG_ENABLE_MODULES = YES;
				CLANG_ENABLE_OBJC_ARC = YES;
				CLANG_ENABLE_OBJC_WEAK = YES;
				CLANG_WARN_BLOCK_CAPTURE_AUTORELEASING = YES;
				CLANG_WARN_BOOL_CONVERSION = YES;
				CLANG_WARN_COMMA = YES;
				CLANG_WARN_CONSTANT_CONVERSION = YES;
				CLANG_WARN_DEPRECATED_OBJC_IMPLEMENTATIONS = YES;
				CLANG_WARN_DIRECT_OBJC_ISA_USAGE = YES_ERROR;
				CLANG_WARN_DOCUMENTATION_COMMENTS = YES;
				CLANG_WARN_EMPTY_BODY = YES;
				CLANG_WARN_ENUM_CONVERSION = YES;
				CLANG_WARN_INFINITE_RECURSION = YES;
				CLANG_WARN_INT_CONVERSION = YES;
				CLANG_WARN_NON_LITERAL_NULL_CONVERSION = YES;
				CLANG_WARN_OBJC_IMPLICIT_RETAIN_SELF = YES;
				CLANG_WARN_OBJC_LITERAL_CONVERSION = YES;
				CLANG_WARN_OBJC_ROOT_CLASS = YES_ERROR;
				CLANG_WARN_RANGE_LOOP_ANALYSIS = YES;
				CLANG_WARN_STRICT_PROTOTYPES = YES;
				CLANG_WARN_SUSPICIOUS_MOVE = YES;
				CLANG_WARN_UNGUARDED_AVAILABILITY = YES_AGGRESSIVE;
				CLANG_WARN_UNREACHABLE_CODE = YES;
				CLANG_WARN__DUPLICATE_METHOD_MATCH = YES;
				COPY_PHASE_STRIP = NO;
				DEBUG_INFORMATION_FORMAT = "dwarf-with-dsym";
				ENABLE_NS_ASSERTIONS = NO;
				ENABLE_STRICT_OBJC_MSGSEND = YES;
				GCC_C_LANGUAGE_STANDARD = gnu11;
				GCC_NO_COMMON_BLOCKS = YES;
				GCC_WARN_64_TO_32_BIT_CONVERSION = YES;
				GCC_WARN_ABOUT_RETURN_TYPE = YES_ERROR;
				GCC_WARN_UNDECLARED_SELECTOR = YES;
				GCC_WARN_UNINITIALIZED_AUTOS = YES_AGGRESSIVE;
				GCC_WARN_UNUSED_FUNCTION = YES;
				GCC_WARN_UNUSED_VARIABLE = YES;
				IPHONEOS_DEPLOYMENT_TARGET = 13.4;
				MTL_ENABLE_DEBUG_INFO = NO;
				MTL_FAST_MATH = YES;
				SDKROOT = iphoneos;
				SWIFT_COMPILATION_MODE = wholemodule;
				SWIFT_OPTIMIZATION_LEVEL = "-O";
				VALIDATE_PRODUCT = YES;
			};
			name = Release;
		};
		76E7C33C245AA16E008CE2E5 /* Debug */ = {
			isa = XCBuildConfiguration;
			baseConfigurationReference = 9248959C07ED48339B5B1349 /* Pods-RZSegment.debug.xcconfig */;
			buildSettings = {
				ASSETCATALOG_COMPILER_APPICON_NAME = AppIcon;
				CLANG_ENABLE_MODULES = YES;
				CODE_SIGN_STYLE = Automatic;
				DEVELOPMENT_TEAM = 9363D6U2QU;
				INFOPLIST_FILE = RZSegment/Info.plist;
				LD_RUNPATH_SEARCH_PATHS = (
					"$(inherited)",
					"@executable_path/Frameworks",
				);
				PRODUCT_BUNDLE_IDENTIFIER = com.rztime.RZSegment;
				PRODUCT_NAME = "$(TARGET_NAME)";
				SWIFT_OBJC_BRIDGING_HEADER = "RZSegment/RZSegment-Bridging-Header.h";
				SWIFT_OPTIMIZATION_LEVEL = "-Onone";
				SWIFT_VERSION = 5.0;
				TARGETED_DEVICE_FAMILY = "1,2";
			};
			name = Debug;
		};
		76E7C33D245AA16E008CE2E5 /* Release */ = {
			isa = XCBuildConfiguration;
			baseConfigurationReference = FBB4C5294BC1F9323DE36E27 /* Pods-RZSegment.release.xcconfig */;
			buildSettings = {
				ASSETCATALOG_COMPILER_APPICON_NAME = AppIcon;
				CLANG_ENABLE_MODULES = YES;
				CODE_SIGN_STYLE = Automatic;
				DEVELOPMENT_TEAM = 9363D6U2QU;
				INFOPLIST_FILE = RZSegment/Info.plist;
				LD_RUNPATH_SEARCH_PATHS = (
					"$(inherited)",
					"@executable_path/Frameworks",
				);
				PRODUCT_BUNDLE_IDENTIFIER = com.rztime.RZSegment;
				PRODUCT_NAME = "$(TARGET_NAME)";
				SWIFT_OBJC_BRIDGING_HEADER = "RZSegment/RZSegment-Bridging-Header.h";
				SWIFT_VERSION = 5.0;
				TARGETED_DEVICE_FAMILY = "1,2";
			};
			name = Release;
		};
/* End XCBuildConfiguration section */

/* Begin XCConfigurationList section */
		76E7C322245AA16A008CE2E5 /* Build configuration list for PBXProject "RZSegment" */ = {
			isa = XCConfigurationList;
			buildConfigurations = (
				76E7C339245AA16E008CE2E5 /* Debug */,
				76E7C33A245AA16E008CE2E5 /* Release */,
			);
			defaultConfigurationIsVisible = 0;
			defaultConfigurationName = Release;
		};
		76E7C33B245AA16E008CE2E5 /* Build configuration list for PBXNativeTarget "RZSegment" */ = {
			isa = XCConfigurationList;
			buildConfigurations = (
				76E7C33C245AA16E008CE2E5 /* Debug */,
				76E7C33D245AA16E008CE2E5 /* Release */,
			);
			defaultConfigurationIsVisible = 0;
			defaultConfigurationName = Release;
		};
/* End XCConfigurationList section */
	};
	rootObject = 76E7C31F245AA16A008CE2E5 /* Project object */;
}
